
Microsoft Visual Studio Solution File, Format Version 12.00
# Visual Studio 2015
Project("{FAE04EC0-301F-11D3-BF4B-00C04F79EFBC}") = "Threads.CSharp", "Threads.CSharp.csproj", "{57927F63-3B76-6FEB-2BF3-C3C56ACAC63E}"
EndProject
Project("{FAE04EC0-301F-11D3-BF4B-00C04F79EFBC}") = "Threads.CSharp.Editor", "Threads.CSharp.Editor.csproj", "{44B01D72-AE4E-1B4D-8DCD-B2E240930913}"
EndProject
Global
	GlobalSection(SolutionConfigurationPlatforms) = preSolution
		Debug|Any CPU = Debug|Any CPU
		Release|Any CPU = Release|Any CPU
	EndGlobalSection
	GlobalSection(ProjectConfigurationPlatforms) = postSolution
		{57927F63-3B76-6FEB-2BF3-C3C56ACAC63E}.Debug|Any CPU.ActiveCfg = Debug|Any CPU
		{57927F63-3B76-6FEB-2BF3-C3C56ACAC63E}.Debug|Any CPU.Build.0 = Debug|Any CPU
		{57927F63-3B76-6FEB-2BF3-C3C56ACAC63E}.Release|Any CPU.ActiveCfg = Release|Any CPU
		{57927F63-3B76-6FEB-2BF3-C3C56ACAC63E}.Release|Any CPU.Build.0 = Release|Any CPU
		{44B01D72-AE4E-1B4D-8DCD-B2E240930913}.Debug|Any CPU.ActiveCfg = Debug|Any CPU
		{44B01D72-AE4E-1B4D-8DCD-B2E240930913}.Debug|Any CPU.Build.0 = Debug|Any CPU
		{44B01D72-AE4E-1B4D-8DCD-B2E240930913}.Release|Any CPU.ActiveCfg = Release|Any CPU
		{44B01D72-AE4E-1B4D-8DCD-B2E240930913}.Release|Any CPU.Build.0 = Release|Any CPU
	EndGlobalSection
	GlobalSection(SolutionProperties) = preSolution
		HideSolutionNode = FALSE
	EndGlobalSection
EndGlobal
